
Microsoft Visual Studio Solution File, Format Version 12.00
# Visual Studio Version 17
VisualStudioVersion = 17.14.36127.28
MinimumVisualStudioVersion = 10.0.40219.1
Project("{FAE04EC0-301F-11D3-BF4B-00C04F79EFBC}") = "RyaComponents", "RyaComponents.csproj", "{A0C5F3CA-70B3-402B-8941-5F23E2DB5C3E}"
EndProject
Project("{FAE04EC0-301F-11D3-BF4B-00C04F79EFBC}") = "RyaComponents.Tests", "..\RyaComponents.Tests\RyaComponents.Tests.csproj", "{1F3C1D47-EBCC-4BAB-8C80-38FBECBCC0FB}"
EndProject
Global
	GlobalSection(SolutionConfigurationPlatforms) = preSolution
		Debug|Any CPU = Debug|Any CPU
		Release|Any CPU = Release|Any CPU
	EndGlobalSection
	GlobalSection(ProjectConfigurationPlatforms) = postSolution
		{A0C5F3CA-70B3-402B-8941-5F23E2DB5C3E}.Debug|Any CPU.ActiveCfg = Debug|Any CPU
		{A0C5F3CA-70B3-402B-8941-5F23E2DB5C3E}.Debug|Any CPU.Build.0 = Debug|Any CPU
		{A0C5F3CA-70B3-402B-8941-5F23E2DB5C3E}.Release|Any CPU.ActiveCfg = Release|Any CPU
		{A0C5F3CA-70B3-402B-8941-5F23E2DB5C3E}.Release|Any CPU.Build.0 = Release|Any CPU
		{1F3C1D47-EBCC-4BAB-8C80-38FBECBCC0FB}.Debug|Any CPU.ActiveCfg = Debug|Any CPU
		{1F3C1D47-EBCC-4BAB-8C80-38FBECBCC0FB}.Debug|Any CPU.Build.0 = Debug|Any CPU
		{1F3C1D47-EBCC-4BAB-8C80-38FBECBCC0FB}.Release|Any CPU.ActiveCfg = Release|Any CPU
		{1F3C1D47-EBCC-4BAB-8C80-38FBECBCC0FB}.Release|Any CPU.Build.0 = Release|Any CPU
	EndGlobalSection
	GlobalSection(SolutionProperties) = preSolution
		HideSolutionNode = FALSE
	EndGlobalSection
	GlobalSection(ExtensibilityGlobals) = postSolution
		SolutionGuid = {3420647E-9C92-44AC-98A9-13FF1C3754F4}
	EndGlobalSection
EndGlobal
